
Microsoft Visual Studio Solution File, Format Version 12.00
# Visual Studio Version 16
VisualStudioVersion = 16.0.30128.74
MinimumVisualStudioVersion = 10.0.40219.1
Project("{FAE04EC0-301F-11D3-BF4B-00C04F79EFBC}") = "GithubTest", "GithubTest\GithubTest.csproj", "{9CF8089B-5965-4A11-8D48-C4CACFB2B1BA}"
EndProject
Global
	GlobalSection(SolutionConfigurationPlatforms) = preSolution
		Debug|Any CPU = Debug|Any CPU
		Release|Any CPU = Release|Any CPU
	EndGlobalSection
	GlobalSection(ProjectConfigurationPlatforms) = postSolution
		{9CF8089B-5965-4A11-8D48-C4CACFB2B1BA}.Debug|Any CPU.ActiveCfg = Debug|Any CPU
		{9CF8089B-5965-4A11-8D48-C4CACFB2B1BA}.Debug|Any CPU.Build.0 = Debug|Any CPU
		{9CF8089B-5965-4A11-8D48-C4CACFB2B1BA}.Release|Any CPU.ActiveCfg = Release|Any CPU
		{9CF8089B-5965-4A11-8D48-C4CACFB2B1BA}.Release|Any CPU.Build.0 = Release|Any CPU
	EndGlobalSection
	GlobalSection(SolutionProperties) = preSolution
		HideSolutionNode = FALSE
	EndGlobalSection
	GlobalSection(ExtensibilityGlobals) = postSolution
		SolutionGuid = {3BCAE6F0-C805-4B47-BA76-1BD6D65F41E3}
	EndGlobalSection
EndGlobal
